
Microsoft Visual Studio Solution File, Format Version 12.00
# Visual Studio 15
VisualStudioVersion = 15.0.28010.2016
MinimumVisualStudioVersion = 10.0.40219.1
Project("{FAE04EC0-301F-11D3-BF4B-00C04F79EFBC}") = "SPAWithBlazor.Server", "SPAWithBlazor.Server\SPAWithBlazor.Server.csproj", "{6218EEB4-0768-416B-B39C-35BCDBAB57FA}"
EndProject
Project("{FAE04EC0-301F-11D3-BF4B-00C04F79EFBC}") = "SPAWithBlazor.Client", "SPAWithBlazor.Client\SPAWithBlazor.Client.csproj", "{14ABE62C-0745-415D-891D-EB21F888D8D2}"
EndProject
Project("{FAE04EC0-301F-11D3-BF4B-00C04F79EFBC}") = "SPAWithBlazor.Shared", "SPAWithBlazor.Shared\SPAWithBlazor.Shared.csproj", "{9B3CC3F3-3FCA-4A47-852A-87D0B4CF582E}"
EndProject
Global
	GlobalSection(SolutionConfigurationPlatforms) = preSolution
		Debug|Any CPU = Debug|Any CPU
		Release|Any CPU = Release|Any CPU
	EndGlobalSection
	GlobalSection(ProjectConfigurationPlatforms) = postSolution
		{6218EEB4-0768-416B-B39C-35BCDBAB57FA}.Debug|Any CPU.ActiveCfg = Debug|Any CPU
		{6218EEB4-0768-416B-B39C-35BCDBAB57FA}.Debug|Any CPU.Build.0 = Debug|Any CPU
		{6218EEB4-0768-416B-B39C-35BCDBAB57FA}.Release|Any CPU.ActiveCfg = Release|Any CPU
		{6218EEB4-0768-416B-B39C-35BCDBAB57FA}.Release|Any CPU.Build.0 = Release|Any CPU
		{14ABE62C-0745-415D-891D-EB21F888D8D2}.Debug|Any CPU.ActiveCfg = Debug|Any CPU
		{14ABE62C-0745-415D-891D-EB21F888D8D2}.Debug|Any CPU.Build.0 = Debug|Any CPU
		{14ABE62C-0745-415D-891D-EB21F888D8D2}.Release|Any CPU.ActiveCfg = Release|Any CPU
		{14ABE62C-0745-415D-891D-EB21F888D8D2}.Release|Any CPU.Build.0 = Release|Any CPU
		{9B3CC3F3-3FCA-4A47-852A-87D0B4CF582E}.Debug|Any CPU.ActiveCfg = Debug|Any CPU
		{9B3CC3F3-3FCA-4A47-852A-87D0B4CF582E}.Debug|Any CPU.Build.0 = Debug|Any CPU
		{9B3CC3F3-3FCA-4A47-852A-87D0B4CF582E}.Release|Any CPU.ActiveCfg = Release|Any CPU
		{9B3CC3F3-3FCA-4A47-852A-87D0B4CF582E}.Release|Any CPU.Build.0 = Release|Any CPU
	EndGlobalSection
	GlobalSection(SolutionProperties) = preSolution
		HideSolutionNode = FALSE
	EndGlobalSection
	GlobalSection(ExtensibilityGlobals) = postSolution
		SolutionGuid = {A243BC29-922C-4DC0-A061-6B1D7B5B4EB9}
	EndGlobalSection
EndGlobal
